{
  "name": "ws-server-examples",
  "version": "1.0.0",
  "lockfileVersion": 2,
  "requires": true,
  "packages": {
    "": {
      "name": "ws-server-examples",
      "version": "1.0.0",
      "license": "MIT",
      "dependencies": {
        "@mikosoft/router": "^1.0.0"
      }
    },
    "../../../../../ws-lib": {
      "extraneous": true
    },
    "node_modules/@mikosoft/router": {
      "version": "1.0.0",
      "resolved": "https://registry.npmjs.org/@mikosoft/router/-/router-1.0.0.tgz",
      "integrity": "sha512-nLiGjFP5vWfWONzwkJyoP9+xacMsH6JVdltjCwBIS22Hs5I1ayk61SSuyIb9IimqzmOmWx/FP5TMyJy+SQfBAA=="
    }
  },
  "dependencies": {
    "@mikosoft/router": {
      "version": "1.0.0",
      "resolved": "https://registry.npmjs.org/@mikosoft/router/-/router-1.0.0.tgz",
      "integrity": "sha512-nLiGjFP5vWfWONzwkJyoP9+xacMsH6JVdltjCwBIS22Hs5I1ayk61SSuyIb9IimqzmOmWx/FP5TMyJy+SQfBAA=="
    }
  }
}
